
Microsoft Visual Studio Solution File, Format Version 12.00
# Visual Studio Version 16
VisualStudioVersion = 16.0.30503.244
MinimumVisualStudioVersion = 10.0.40219.1
Project("{FAE04EC0-301F-11D3-BF4B-00C04F79EFBC}") = "Lopushok", "Lopushok\Lopushok.csproj", "{00FDC3ED-ED24-4FFC-8605-54ED02EFB008}"
EndProject
Project("{FAE04EC0-301F-11D3-BF4B-00C04F79EFBC}") = "Core", "Core\Core.csproj", "{64DC3A8A-3C25-4E7B-85E4-2F79E0E6F5EE}"
EndProject
Global
	GlobalSection(SolutionConfigurationPlatforms) = preSolution
		Debug|Any CPU = Debug|Any CPU
		Release|Any CPU = Release|Any CPU
	EndGlobalSection
	GlobalSection(ProjectConfigurationPlatforms) = postSolution
		{00FDC3ED-ED24-4FFC-8605-54ED02EFB008}.Debug|Any CPU.ActiveCfg = Debug|Any CPU
		{00FDC3ED-ED24-4FFC-8605-54ED02EFB008}.Debug|Any CPU.Build.0 = Debug|Any CPU
		{00FDC3ED-ED24-4FFC-8605-54ED02EFB008}.Release|Any CPU.ActiveCfg = Release|Any CPU
		{00FDC3ED-ED24-4FFC-8605-54ED02EFB008}.Release|Any CPU.Build.0 = Release|Any CPU
		{64DC3A8A-3C25-4E7B-85E4-2F79E0E6F5EE}.Debug|Any CPU.ActiveCfg = Debug|Any CPU
		{64DC3A8A-3C25-4E7B-85E4-2F79E0E6F5EE}.Debug|Any CPU.Build.0 = Debug|Any CPU
		{64DC3A8A-3C25-4E7B-85E4-2F79E0E6F5EE}.Release|Any CPU.ActiveCfg = Release|Any CPU
		{64DC3A8A-3C25-4E7B-85E4-2F79E0E6F5EE}.Release|Any CPU.Build.0 = Release|Any CPU
	EndGlobalSection
	GlobalSection(SolutionProperties) = preSolution
		HideSolutionNode = FALSE
	EndGlobalSection
	GlobalSection(ExtensibilityGlobals) = postSolution
		SolutionGuid = {680C1A16-D5D1-4245-8729-B3AD6AE7891E}
	EndGlobalSection
EndGlobal
